
Microsoft Visual Studio Solution File, Format Version 12.00
Project("{FAE04EC0-301F-11D3-BF4B-00C04F79EFBC}") = "ZenAutofac", "ZenAutofac/ZenAutofac.csproj", "{F7E596AE-9311-45A5-BC4F-3EA1388733E8}"
EndProject
Project("{FAE04EC0-301F-11D3-BF4B-00C04F79EFBC}") = "Tests", "Tests\Tests.csproj", "{67748580-3A54-4B32-B665-EAC8447BCB0B}"
EndProject
Project("{FAE04EC0-301F-11D3-BF4B-00C04F79EFBC}") = "ZenAutofac.API", "ZenAutofac.API\ZenAutofac.API.csproj", "{3914C66A-455B-452E-A931-396D112BD118}"
EndProject
Global
	GlobalSection(SolutionConfigurationPlatforms) = preSolution
		Debug|Any CPU = Debug|Any CPU
		Release|Any CPU = Release|Any CPU
	EndGlobalSection
	GlobalSection(ProjectConfigurationPlatforms) = postSolution
		{F7E596AE-9311-45A5-BC4F-3EA1388733E8}.Debug|Any CPU.ActiveCfg = Debug|Any CPU
		{F7E596AE-9311-45A5-BC4F-3EA1388733E8}.Debug|Any CPU.Build.0 = Debug|Any CPU
		{F7E596AE-9311-45A5-BC4F-3EA1388733E8}.Release|Any CPU.ActiveCfg = Release|Any CPU
		{F7E596AE-9311-45A5-BC4F-3EA1388733E8}.Release|Any CPU.Build.0 = Release|Any CPU
		{67748580-3A54-4B32-B665-EAC8447BCB0B}.Debug|Any CPU.ActiveCfg = Debug|Any CPU
		{67748580-3A54-4B32-B665-EAC8447BCB0B}.Debug|Any CPU.Build.0 = Debug|Any CPU
		{67748580-3A54-4B32-B665-EAC8447BCB0B}.Release|Any CPU.ActiveCfg = Release|Any CPU
		{67748580-3A54-4B32-B665-EAC8447BCB0B}.Release|Any CPU.Build.0 = Release|Any CPU
		{3914C66A-455B-452E-A931-396D112BD118}.Debug|Any CPU.ActiveCfg = Debug|Any CPU
		{3914C66A-455B-452E-A931-396D112BD118}.Debug|Any CPU.Build.0 = Debug|Any CPU
		{3914C66A-455B-452E-A931-396D112BD118}.Release|Any CPU.ActiveCfg = Release|Any CPU
		{3914C66A-455B-452E-A931-396D112BD118}.Release|Any CPU.Build.0 = Release|Any CPU
	EndGlobalSection
EndGlobal
